
Microsoft Visual Studio Solution File, Format Version 11.00
# Visual Studio 2010
# SharpDevelop 5.1
Project("{FAE04EC0-301F-11D3-BF4B-00C04F79EFBC}") = "MCR", "MCR\MCR.csproj", "{7F54AF04-1C72-4873-872A-5BE813DED572}"
EndProject
Global
	GlobalSection(SolutionConfigurationPlatforms) = preSolution
		Debug|Any CPU = Debug|Any CPU
		Release|Any CPU = Release|Any CPU
	EndGlobalSection
	GlobalSection(ProjectConfigurationPlatforms) = postSolution
		{7f54af04-1c72-4873-872a-5be813ded572}.Debug|Any CPU.ActiveCfg = Debug|Any CPU
		{7f54af04-1c72-4873-872a-5be813ded572}.Debug|Any CPU.Build.0 = Debug|Any CPU
		{7f54af04-1c72-4873-872a-5be813ded572}.Release|Any CPU.ActiveCfg = Release|Any CPU
		{7f54af04-1c72-4873-872a-5be813ded572}.Release|Any CPU.Build.0 = Release|Any CPU
	EndGlobalSection
EndGlobal
